
Microsoft Visual Studio Solution File, Format Version 12.00
# Visual Studio Version 16
VisualStudioVersion = 16.0.30907.101
MinimumVisualStudioVersion = 10.0.40219.1
Project("{9A19103F-16F7-4668-BE54-9A1E7A4F7556}") = "Kiosko", "Kiosko.csproj", "{8E6570A1-FF62-4BEC-A53E-12764AEFAA51}"
EndProject
Project("{9A19103F-16F7-4668-BE54-9A1E7A4F7556}") = "TestProject1", "..\TestProject1\TestProject1.csproj", "{2C422A79-E354-4A0B-8FEF-23DA96F8C3FB}"
EndProject
Global
	GlobalSection(SolutionConfigurationPlatforms) = preSolution
		Debug|Any CPU = Debug|Any CPU
		Release|Any CPU = Release|Any CPU
	EndGlobalSection
	GlobalSection(ProjectConfigurationPlatforms) = postSolution
		{8E6570A1-FF62-4BEC-A53E-12764AEFAA51}.Debug|Any CPU.ActiveCfg = Debug|Any CPU
		{8E6570A1-FF62-4BEC-A53E-12764AEFAA51}.Debug|Any CPU.Build.0 = Debug|Any CPU
		{8E6570A1-FF62-4BEC-A53E-12764AEFAA51}.Release|Any CPU.ActiveCfg = Release|Any CPU
		{8E6570A1-FF62-4BEC-A53E-12764AEFAA51}.Release|Any CPU.Build.0 = Release|Any CPU
		{2C422A79-E354-4A0B-8FEF-23DA96F8C3FB}.Debug|Any CPU.ActiveCfg = Debug|Any CPU
		{2C422A79-E354-4A0B-8FEF-23DA96F8C3FB}.Debug|Any CPU.Build.0 = Debug|Any CPU
		{2C422A79-E354-4A0B-8FEF-23DA96F8C3FB}.Release|Any CPU.ActiveCfg = Release|Any CPU
		{2C422A79-E354-4A0B-8FEF-23DA96F8C3FB}.Release|Any CPU.Build.0 = Release|Any CPU
	EndGlobalSection
	GlobalSection(SolutionProperties) = preSolution
		HideSolutionNode = FALSE
	EndGlobalSection
	GlobalSection(ExtensibilityGlobals) = postSolution
		SolutionGuid = {65B4007B-8CF1-45B1-9375-D0BBA4A70B64}
	EndGlobalSection
EndGlobal
